{
    "_meta": {
        "hash": {
            "sha256": "6d6bc2702fbc52404b10b458757bd4f434247c58f5ff12f1d8c8790e37cdfe0a"
        },
        "pipfile-spec": 6,
        "requires": {
            "python_full_version": "3.11.4",
            "python_version": "3.11"
        },
        "sources": [
            {
                "name": "pypi",
                "url": "https://pypi.org/simple",
                "verify_ssl": true
            }
        ]
    },
    "default": {
        "shortuuid": {
            "hashes": [
                "sha256:27ea8f28b1bd0bf8f15057a3ece57275d2059d2b0bb02854f02189962c13b6aa",
                "sha256:fc75f2615914815a8e4cb1501b3a513745cb66ef0fd5fc6fb9f8c3fa3481f789"
            ],
            "index": "pypi",
            "markers": "python_version >= '3.5'",
            "version": "==1.0.11"
        }
    },
    "develop": {}
}
